
Microsoft Visual Studio Solution File, Format Version 12.00
# Visual Studio 15
VisualStudioVersion = 15.0.27703.2035
MinimumVisualStudioVersion = 10.0.40219.1
Project("{9A19103F-16F7-4668-BE54-9A1E7A4F7556}") = "wcindicator.api", "wcindicator.api\wcindicator.api.csproj", "{613A71E9-0F27-47DF-A7F6-A6B7059CA4B0}"
EndProject
Project("{FAE04EC0-301F-11D3-BF4B-00C04F79EFBC}") = "wcindicator.api.test", "wcindicator.api.test\wcindicator.api.test.csproj", "{3F4FC07C-1908-4DE0-999D-E9D4BA087DA8}"
EndProject
Global
	GlobalSection(SolutionConfigurationPlatforms) = preSolution
		Debug|Any CPU = Debug|Any CPU
		Release|Any CPU = Release|Any CPU
	EndGlobalSection
	GlobalSection(ProjectConfigurationPlatforms) = postSolution
		{613A71E9-0F27-47DF-A7F6-A6B7059CA4B0}.Debug|Any CPU.ActiveCfg = Debug|Any CPU
		{613A71E9-0F27-47DF-A7F6-A6B7059CA4B0}.Debug|Any CPU.Build.0 = Debug|Any CPU
		{613A71E9-0F27-47DF-A7F6-A6B7059CA4B0}.Release|Any CPU.ActiveCfg = Release|Any CPU
		{613A71E9-0F27-47DF-A7F6-A6B7059CA4B0}.Release|Any CPU.Build.0 = Release|Any CPU
		{3F4FC07C-1908-4DE0-999D-E9D4BA087DA8}.Debug|Any CPU.ActiveCfg = Debug|Any CPU
		{3F4FC07C-1908-4DE0-999D-E9D4BA087DA8}.Debug|Any CPU.Build.0 = Debug|Any CPU
		{3F4FC07C-1908-4DE0-999D-E9D4BA087DA8}.Release|Any CPU.ActiveCfg = Release|Any CPU
		{3F4FC07C-1908-4DE0-999D-E9D4BA087DA8}.Release|Any CPU.Build.0 = Release|Any CPU
	EndGlobalSection
	GlobalSection(SolutionProperties) = preSolution
		HideSolutionNode = FALSE
	EndGlobalSection
	GlobalSection(ExtensibilityGlobals) = postSolution
		SolutionGuid = {EC4FCD07-B96C-4F80-9714-939115956124}
	EndGlobalSection
EndGlobal
